
Microsoft Visual Studio Solution File, Format Version 12.00
# Visual Studio 15
VisualStudioVersion = 15.0.27004.2009
MinimumVisualStudioVersion = 10.0.40219.1
Project("{FAE04EC0-301F-11D3-BF4B-00C04F79EFBC}") = "Hello32", "Hello32\Hello32.csproj", "{C2549377-BEED-42A0-9010-8374F54F520B}"
EndProject
Global
	GlobalSection(SolutionConfigurationPlatforms) = preSolution
		Debug|Any CPU = Debug|Any CPU
		Release|Any CPU = Release|Any CPU
	EndGlobalSection
	GlobalSection(ProjectConfigurationPlatforms) = postSolution
		{C2549377-BEED-42A0-9010-8374F54F520B}.Debug|Any CPU.ActiveCfg = Debug|Any CPU
		{C2549377-BEED-42A0-9010-8374F54F520B}.Debug|Any CPU.Build.0 = Debug|Any CPU
		{C2549377-BEED-42A0-9010-8374F54F520B}.Release|Any CPU.ActiveCfg = Release|Any CPU
		{C2549377-BEED-42A0-9010-8374F54F520B}.Release|Any CPU.Build.0 = Release|Any CPU
	EndGlobalSection
	GlobalSection(SolutionProperties) = preSolution
		HideSolutionNode = FALSE
	EndGlobalSection
	GlobalSection(ExtensibilityGlobals) = postSolution
		SolutionGuid = {6B0D2EAD-5B62-463C-8F60-C136C796B2EE}
	EndGlobalSection
EndGlobal
